
Microsoft Visual Studio Solution File, Format Version 12.00
# Visual Studio Version 17
VisualStudioVersion = 17.0.31919.166
MinimumVisualStudioVersion = 10.0.40219.1
Project("{2150E333-8FDC-42A3-9474-1A3956D46DE8}") = "HomeWork01", "HomeWork01", "{9D1B833B-C65C-4401-8906-ADEE52C0559F}"
EndProject
Project("{9A19103F-16F7-4668-BE54-9A1E7A4F7556}") = "Assignment01", "Assignment01\Assignment01.csproj", "{40D478C2-C231-40BB-B681-C44FDF45B41F}"
EndProject
Project("{9A19103F-16F7-4668-BE54-9A1E7A4F7556}") = "Assignment02", "Assignment02\Assignment02.csproj", "{374DEBF3-4CDA-4E5B-AA4B-E76C4A7BAD13}"
EndProject
Project("{9A19103F-16F7-4668-BE54-9A1E7A4F7556}") = "Assignment03", "Assignment03\Assignment03.csproj", "{14EDE1A2-0854-4C1B-9FF9-391CA3C827DA}"
EndProject
Project("{9A19103F-16F7-4668-BE54-9A1E7A4F7556}") = "Assignment04", "Assignment04\Assignment04.csproj", "{7A748DEE-6C6A-4617-BABA-3A0452E355FD}"
EndProject
Project("{9A19103F-16F7-4668-BE54-9A1E7A4F7556}") = "Assignment05", "Assignment05\Assignment05.csproj", "{0C10D398-D1D0-4A1E-A7F5-29B20286381C}"
EndProject
Project("{9A19103F-16F7-4668-BE54-9A1E7A4F7556}") = "Assignment06", "Assignment06\Assignment06.csproj", "{AC456D00-E8CE-4B05-8EF0-68A44F4C8C75}"
EndProject
Project("{9A19103F-16F7-4668-BE54-9A1E7A4F7556}") = "Assignment07", "Assignment07\Assignment07.csproj", "{89352ED0-DEF0-4B3F-883E-AC7AEBF2E80F}"
EndProject
Project("{9A19103F-16F7-4668-BE54-9A1E7A4F7556}") = "Assignment08", "Assignment08\Assignment08.csproj", "{5AE7D59B-77C4-407D-AA11-FAE9C4BB9E10}"
EndProject
Project("{2150E333-8FDC-42A3-9474-1A3956D46DE8}") = "HomeWork02", "HomeWork02", "{AE524AE1-6466-4EB0-86A1-0D1D1DB56275}"
EndProject
Project("{9A19103F-16F7-4668-BE54-9A1E7A4F7556}") = "HomeWork02Assignment01", "HomeWork02Assignment01\HomeWork02Assignment01.csproj", "{FB89154C-B036-4615-B5E3-BC650925807B}"
EndProject
Project("{9A19103F-16F7-4668-BE54-9A1E7A4F7556}") = "HomeWork02Assignment02", "HomeWork02Assignment02\HomeWork02Assignment02.csproj", "{B519224D-A277-43EF-A149-B2979C2AEDE3}"
EndProject
Project("{FAE04EC0-301F-11D3-BF4B-00C04F79EFBC}") = "HomeWork02Assignment04", "HomeWork02Assignment04\HomeWork02Assignment04.csproj", "{99E70A5B-24D5-417E-B3C5-7A448E68A898}"
EndProject
Project("{2150E333-8FDC-42A3-9474-1A3956D46DE8}") = "HomeWork03", "HomeWork03", "{55B5C2B2-79F4-45B7-906E-71F340959418}"
EndProject
Project("{FAE04EC0-301F-11D3-BF4B-00C04F79EFBC}") = "HomeWork03Assignment01", "HomeWork03Assignment01\HomeWork03Assignment01.csproj", "{6F9423FA-E056-45E2-B670-C31DB1825E54}"
EndProject
Project("{FAE04EC0-301F-11D3-BF4B-00C04F79EFBC}") = "HomeWork03Assignment02", "HomeWork03Assignment02\HomeWork03Assignment02.csproj", "{67FA01C6-26BE-421D-A242-CC1A8413E741}"
EndProject
Global
	GlobalSection(SolutionConfigurationPlatforms) = preSolution
		Debug|Any CPU = Debug|Any CPU
		Release|Any CPU = Release|Any CPU
	EndGlobalSection
	GlobalSection(ProjectConfigurationPlatforms) = postSolution
		{40D478C2-C231-40BB-B681-C44FDF45B41F}.Debug|Any CPU.ActiveCfg = Debug|Any CPU
		{40D478C2-C231-40BB-B681-C44FDF45B41F}.Debug|Any CPU.Build.0 = Debug|Any CPU
		{40D478C2-C231-40BB-B681-C44FDF45B41F}.Release|Any CPU.ActiveCfg = Release|Any CPU
		{40D478C2-C231-40BB-B681-C44FDF45B41F}.Release|Any CPU.Build.0 = Release|Any CPU
		{374DEBF3-4CDA-4E5B-AA4B-E76C4A7BAD13}.Debug|Any CPU.ActiveCfg = Debug|Any CPU
		{374DEBF3-4CDA-4E5B-AA4B-E76C4A7BAD13}.Debug|Any CPU.Build.0 = Debug|Any CPU
		{374DEBF3-4CDA-4E5B-AA4B-E76C4A7BAD13}.Release|Any CPU.ActiveCfg = Release|Any CPU
		{374DEBF3-4CDA-4E5B-AA4B-E76C4A7BAD13}.Release|Any CPU.Build.0 = Release|Any CPU
		{14EDE1A2-0854-4C1B-9FF9-391CA3C827DA}.Debug|Any CPU.ActiveCfg = Debug|Any CPU
		{14EDE1A2-0854-4C1B-9FF9-391CA3C827DA}.Debug|Any CPU.Build.0 = Debug|Any CPU
		{14EDE1A2-0854-4C1B-9FF9-391CA3C827DA}.Release|Any CPU.ActiveCfg = Release|Any CPU
		{14EDE1A2-0854-4C1B-9FF9-391CA3C827DA}.Release|Any CPU.Build.0 = Release|Any CPU
		{7A748DEE-6C6A-4617-BABA-3A0452E355FD}.Debug|Any CPU.ActiveCfg = Debug|Any CPU
		{7A748DEE-6C6A-4617-BABA-3A0452E355FD}.Debug|Any CPU.Build.0 = Debug|Any CPU
		{7A748DEE-6C6A-4617-BABA-3A0452E355FD}.Release|Any CPU.ActiveCfg = Release|Any CPU
		{7A748DEE-6C6A-4617-BABA-3A0452E355FD}.Release|Any CPU.Build.0 = Release|Any CPU
		{0C10D398-D1D0-4A1E-A7F5-29B20286381C}.Debug|Any CPU.ActiveCfg = Debug|Any CPU
		{0C10D398-D1D0-4A1E-A7F5-29B20286381C}.Debug|Any CPU.Build.0 = Debug|Any CPU
		{0C10D398-D1D0-4A1E-A7F5-29B20286381C}.Release|Any CPU.ActiveCfg = Release|Any CPU
		{0C10D398-D1D0-4A1E-A7F5-29B20286381C}.Release|Any CPU.Build.0 = Release|Any CPU
		{AC456D00-E8CE-4B05-8EF0-68A44F4C8C75}.Debug|Any CPU.ActiveCfg = Debug|Any CPU
		{AC456D00-E8CE-4B05-8EF0-68A44F4C8C75}.Debug|Any CPU.Build.0 = Debug|Any CPU
		{AC456D00-E8CE-4B05-8EF0-68A44F4C8C75}.Release|Any CPU.ActiveCfg = Release|Any CPU
		{AC456D00-E8CE-4B05-8EF0-68A44F4C8C75}.Release|Any CPU.Build.0 = Release|Any CPU
		{89352ED0-DEF0-4B3F-883E-AC7AEBF2E80F}.Debug|Any CPU.ActiveCfg = Debug|Any CPU
		{89352ED0-DEF0-4B3F-883E-AC7AEBF2E80F}.Debug|Any CPU.Build.0 = Debug|Any CPU
		{89352ED0-DEF0-4B3F-883E-AC7AEBF2E80F}.Release|Any CPU.ActiveCfg = Release|Any CPU
		{89352ED0-DEF0-4B3F-883E-AC7AEBF2E80F}.Release|Any CPU.Build.0 = Release|Any CPU
		{5AE7D59B-77C4-407D-AA11-FAE9C4BB9E10}.Debug|Any CPU.ActiveCfg = Debug|Any CPU
		{5AE7D59B-77C4-407D-AA11-FAE9C4BB9E10}.Debug|Any CPU.Build.0 = Debug|Any CPU
		{5AE7D59B-77C4-407D-AA11-FAE9C4BB9E10}.Release|Any CPU.ActiveCfg = Release|Any CPU
		{5AE7D59B-77C4-407D-AA11-FAE9C4BB9E10}.Release|Any CPU.Build.0 = Release|Any CPU
		{FB89154C-B036-4615-B5E3-BC650925807B}.Debug|Any CPU.ActiveCfg = Debug|Any CPU
		{FB89154C-B036-4615-B5E3-BC650925807B}.Debug|Any CPU.Build.0 = Debug|Any CPU
		{FB89154C-B036-4615-B5E3-BC650925807B}.Release|Any CPU.ActiveCfg = Release|Any CPU
		{FB89154C-B036-4615-B5E3-BC650925807B}.Release|Any CPU.Build.0 = Release|Any CPU
		{B519224D-A277-43EF-A149-B2979C2AEDE3}.Debug|Any CPU.ActiveCfg = Debug|Any CPU
		{B519224D-A277-43EF-A149-B2979C2AEDE3}.Debug|Any CPU.Build.0 = Debug|Any CPU
		{B519224D-A277-43EF-A149-B2979C2AEDE3}.Release|Any CPU.ActiveCfg = Release|Any CPU
		{B519224D-A277-43EF-A149-B2979C2AEDE3}.Release|Any CPU.Build.0 = Release|Any CPU
		{99E70A5B-24D5-417E-B3C5-7A448E68A898}.Debug|Any CPU.ActiveCfg = Debug|Any CPU
		{99E70A5B-24D5-417E-B3C5-7A448E68A898}.Debug|Any CPU.Build.0 = Debug|Any CPU
		{99E70A5B-24D5-417E-B3C5-7A448E68A898}.Release|Any CPU.ActiveCfg = Release|Any CPU
		{99E70A5B-24D5-417E-B3C5-7A448E68A898}.Release|Any CPU.Build.0 = Release|Any CPU
		{6F9423FA-E056-45E2-B670-C31DB1825E54}.Debug|Any CPU.ActiveCfg = Debug|Any CPU
		{6F9423FA-E056-45E2-B670-C31DB1825E54}.Debug|Any CPU.Build.0 = Debug|Any CPU
		{6F9423FA-E056-45E2-B670-C31DB1825E54}.Release|Any CPU.ActiveCfg = Release|Any CPU
		{6F9423FA-E056-45E2-B670-C31DB1825E54}.Release|Any CPU.Build.0 = Release|Any CPU
		{67FA01C6-26BE-421D-A242-CC1A8413E741}.Debug|Any CPU.ActiveCfg = Debug|Any CPU
		{67FA01C6-26BE-421D-A242-CC1A8413E741}.Debug|Any CPU.Build.0 = Debug|Any CPU
		{67FA01C6-26BE-421D-A242-CC1A8413E741}.Release|Any CPU.ActiveCfg = Release|Any CPU
		{67FA01C6-26BE-421D-A242-CC1A8413E741}.Release|Any CPU.Build.0 = Release|Any CPU
	EndGlobalSection
	GlobalSection(SolutionProperties) = preSolution
		HideSolutionNode = FALSE
	EndGlobalSection
	GlobalSection(NestedProjects) = preSolution
		{40D478C2-C231-40BB-B681-C44FDF45B41F} = {9D1B833B-C65C-4401-8906-ADEE52C0559F}
		{374DEBF3-4CDA-4E5B-AA4B-E76C4A7BAD13} = {9D1B833B-C65C-4401-8906-ADEE52C0559F}
		{14EDE1A2-0854-4C1B-9FF9-391CA3C827DA} = {9D1B833B-C65C-4401-8906-ADEE52C0559F}
		{7A748DEE-6C6A-4617-BABA-3A0452E355FD} = {9D1B833B-C65C-4401-8906-ADEE52C0559F}
		{0C10D398-D1D0-4A1E-A7F5-29B20286381C} = {9D1B833B-C65C-4401-8906-ADEE52C0559F}
		{AC456D00-E8CE-4B05-8EF0-68A44F4C8C75} = {9D1B833B-C65C-4401-8906-ADEE52C0559F}
		{89352ED0-DEF0-4B3F-883E-AC7AEBF2E80F} = {9D1B833B-C65C-4401-8906-ADEE52C0559F}
		{5AE7D59B-77C4-407D-AA11-FAE9C4BB9E10} = {9D1B833B-C65C-4401-8906-ADEE52C0559F}
		{FB89154C-B036-4615-B5E3-BC650925807B} = {AE524AE1-6466-4EB0-86A1-0D1D1DB56275}
		{B519224D-A277-43EF-A149-B2979C2AEDE3} = {AE524AE1-6466-4EB0-86A1-0D1D1DB56275}
		{99E70A5B-24D5-417E-B3C5-7A448E68A898} = {AE524AE1-6466-4EB0-86A1-0D1D1DB56275}
		{6F9423FA-E056-45E2-B670-C31DB1825E54} = {55B5C2B2-79F4-45B7-906E-71F340959418}
		{67FA01C6-26BE-421D-A242-CC1A8413E741} = {55B5C2B2-79F4-45B7-906E-71F340959418}
	EndGlobalSection
	GlobalSection(ExtensibilityGlobals) = postSolution
		SolutionGuid = {916C75F8-674A-4F57-9F28-015C6CA3A833}
	EndGlobalSection
EndGlobal
